
Microsoft Visual Studio Solution File, Format Version 12.00
# Visual Studio 15
VisualStudioVersion = 15.0.27130.2036
MinimumVisualStudioVersion = 10.0.40219.1
Project("{FAE04EC0-301F-11D3-BF4B-00C04F79EFBC}") = "WebChangeNotifier", "WebChangeNotifier\WebChangeNotifier.csproj", "{E97483E4-D645-43C4-BB4E-C84ADD4B7019}"
EndProject
Global
	GlobalSection(SolutionConfigurationPlatforms) = preSolution
		Debug|Any CPU = Debug|Any CPU
		Release|Any CPU = Release|Any CPU
	EndGlobalSection
	GlobalSection(ProjectConfigurationPlatforms) = postSolution
		{E97483E4-D645-43C4-BB4E-C84ADD4B7019}.Debug|Any CPU.ActiveCfg = Debug|Any CPU
		{E97483E4-D645-43C4-BB4E-C84ADD4B7019}.Debug|Any CPU.Build.0 = Debug|Any CPU
		{E97483E4-D645-43C4-BB4E-C84ADD4B7019}.Release|Any CPU.ActiveCfg = Release|Any CPU
		{E97483E4-D645-43C4-BB4E-C84ADD4B7019}.Release|Any CPU.Build.0 = Release|Any CPU
	EndGlobalSection
	GlobalSection(SolutionProperties) = preSolution
		HideSolutionNode = FALSE
	EndGlobalSection
	GlobalSection(ExtensibilityGlobals) = postSolution
		SolutionGuid = {2693F984-3E0A-4DC2-B268-5AE6C90984C7}
	EndGlobalSection
EndGlobal
